
Microsoft Visual Studio Solution File, Format Version 12.00
# Visual Studio Version 17
VisualStudioVersion = 17.3.32825.248
MinimumVisualStudioVersion = 10.0.40219.1
Project("{FAE04EC0-301F-11D3-BF4B-00C04F79EFBC}") = "VuongHyKhang_2011062170_BigSchool", "VuongHyKhang_2011062170_BigSchool\VuongHyKhang_2011062170_BigSchool.csproj", "{62031DD4-2E07-4CD9-BDC4-AA39EEC6D6D6}"
EndProject
Global
	GlobalSection(SolutionConfigurationPlatforms) = preSolution
		Debug|Any CPU = Debug|Any CPU
		Release|Any CPU = Release|Any CPU
	EndGlobalSection
	GlobalSection(ProjectConfigurationPlatforms) = postSolution
		{62031DD4-2E07-4CD9-BDC4-AA39EEC6D6D6}.Debug|Any CPU.ActiveCfg = Debug|Any CPU
		{62031DD4-2E07-4CD9-BDC4-AA39EEC6D6D6}.Debug|Any CPU.Build.0 = Debug|Any CPU
		{62031DD4-2E07-4CD9-BDC4-AA39EEC6D6D6}.Release|Any CPU.ActiveCfg = Release|Any CPU
		{62031DD4-2E07-4CD9-BDC4-AA39EEC6D6D6}.Release|Any CPU.Build.0 = Release|Any CPU
	EndGlobalSection
	GlobalSection(SolutionProperties) = preSolution
		HideSolutionNode = FALSE
	EndGlobalSection
	GlobalSection(ExtensibilityGlobals) = postSolution
		SolutionGuid = {745F6893-A9B8-4496-8551-8640B02029C8}
	EndGlobalSection
EndGlobal
